
Microsoft Visual Studio Solution File, Format Version 12.00
# Visual Studio Version 17
VisualStudioVersion = 17.1.32210.238
MinimumVisualStudioVersion = 10.0.40219.1
Project("{9A19103F-16F7-4668-BE54-9A1E7A4F7556}") = "Tema 1 Demo", "Tema 1 Demo\Tema 1 Demo.csproj", "{490A25EE-C256-4E01-B0D4-9690FEC6AEAF}"
EndProject
Project("{9A19103F-16F7-4668-BE54-9A1E7A4F7556}") = "dotnet6", "dotnet6\dotnet6.csproj", "{611F1F62-4E3F-4A54-A93C-BE13ED367A5D}"
EndProject
Project("{9A19103F-16F7-4668-BE54-9A1E7A4F7556}") = "DataTypesAndObjectsCreation", "DataTypesAndObjectsCreation\DataTypesAndObjectsCreation.csproj", "{C09D3202-DC4C-401F-AB7A-2E9E131D4FEE}"
EndProject
Project("{9A19103F-16F7-4668-BE54-9A1E7A4F7556}") = "Uprajnenie s Poleta i svoistva", "Uprajnenie s Poleta i svoistva\Uprajnenie s Poleta i svoistva.csproj", "{5516FA63-10E9-481D-977D-7F3DE22B50B9}"
EndProject
Project("{9A19103F-16F7-4668-BE54-9A1E7A4F7556}") = "Probvame.Net6", "Probvame.Net6\Probvame.Net6.csproj", "{9A69840F-E1C6-44A5-A5C9-30A5FEB641C2}"
EndProject
Project("{9A19103F-16F7-4668-BE54-9A1E7A4F7556}") = "MethodsExamples", "MethodsExamples\MethodsExamples.csproj", "{D46551B7-B578-4C64-B7E4-B3F49EB463D3}"
EndProject
Project("{9A19103F-16F7-4668-BE54-9A1E7A4F7556}") = "Enumerations", "Enumerations\Enumerations.csproj", "{73F5A219-CAC8-498A-BF96-467DFFD5F28C}"
EndProject
Project("{9A19103F-16F7-4668-BE54-9A1E7A4F7556}") = "Avtomontior", "Avtomontior\Avtomontior.csproj", "{3551950F-A89C-489D-BD20-DA783EEDE2D5}"
EndProject
Project("{9A19103F-16F7-4668-BE54-9A1E7A4F7556}") = "Inheritance", "Inheritance\Inheritance.csproj", "{585DC92D-E54C-4BC8-8741-83B51653C9C1}"
EndProject
Project("{9A19103F-16F7-4668-BE54-9A1E7A4F7556}") = "InheritanceVirtualDEMO", "InheritanceVirtualDEMO\InheritanceVirtualDEMO.csproj", "{D9CA6151-08C4-4217-8269-0F0DD354B17E}"
EndProject
Project("{9A19103F-16F7-4668-BE54-9A1E7A4F7556}") = "ModifiedCollections", "ModifiedCollections\ModifiedCollections.csproj", "{7DC03445-8564-4524-9835-E43B7BC8081A}"
EndProject
Project("{9A19103F-16F7-4668-BE54-9A1E7A4F7556}") = "Superposition_Inheritance_Difference", "Superposition_Inheritance_Difference\Superposition_Inheritance_Difference.csproj", "{2EE15168-7C02-45DD-988D-925D1877FBAA}"
EndProject
Project("{9A19103F-16F7-4668-BE54-9A1E7A4F7556}") = "Error_Handling", "Error_Handling\Error_Handling.csproj", "{D89C49EC-7DF9-427F-A52A-F85AF3C60411}"
EndProject
Project("{9A19103F-16F7-4668-BE54-9A1E7A4F7556}") = "LINQ-Demo", "LINQ-Demo\LINQ-Demo.csproj", "{FBEB922E-8A9E-4975-A14A-D9D105554FB5}"
EndProject
Project("{9A19103F-16F7-4668-BE54-9A1E7A4F7556}") = "Listove", "Listove\Listove.csproj", "{5A214FD8-E139-48C5-8612-168B02D8A23A}"
EndProject
Project("{9A19103F-16F7-4668-BE54-9A1E7A4F7556}") = "InheritanceExersism", "InheritanceExersism\InheritanceExersism.csproj", "{B319A960-3953-45D5-81C3-ACE5B50145CF}"
EndProject
Project("{9A19103F-16F7-4668-BE54-9A1E7A4F7556}") = "ExtensionClass", "ExtensionClass\ExtensionClass.csproj", "{2649D7A1-61F6-415B-A24F-45E6280FCCC4}"
EndProject
Project("{9A19103F-16F7-4668-BE54-9A1E7A4F7556}") = "Interfeisi", "Interfeisi\Interfeisi.csproj", "{89B11467-9638-438B-9EBC-6A133847395D}"
EndProject
Project("{9A19103F-16F7-4668-BE54-9A1E7A4F7556}") = "DateTimes", "DateTimes\DateTimes.csproj", "{DF4F3354-5ADE-4E05-8F00-F869DD3F079D}"
EndProject
Project("{9A19103F-16F7-4668-BE54-9A1E7A4F7556}") = "SelectManyDemo", "SelectManyDemo\SelectManyDemo.csproj", "{73661CA4-40CA-4988-831C-FF9E97E59B3C}"
EndProject
Project("{9A19103F-16F7-4668-BE54-9A1E7A4F7556}") = "GenericsDEMO", "GenericsDEMO\GenericsDEMO.csproj", "{1AD271D6-DB92-4854-AD64-3DE47F5AD7EA}"
EndProject
Project("{9A19103F-16F7-4668-BE54-9A1E7A4F7556}") = "LINQDB-KZ-Preparation", "LINQDB-KZ-Preparation\LINQDB-KZ-Preparation.csproj", "{C69ACDAB-B89E-4875-A333-9FE42FD0FFF6}"
EndProject
Project("{9A19103F-16F7-4668-BE54-9A1E7A4F7556}") = "IcompareableDemo", "IcompareableDemo\IcompareableDemo.csproj", "{F3FAE66C-D22A-47C8-8B7E-48217B5A45D9}"
EndProject
Project("{FAE04EC0-301F-11D3-BF4B-00C04F79EFBC}") = "RegexDemo", "RegexDemo\RegexDemo.csproj", "{5439CF9A-0BA7-4F0D-94E8-8F360E5371E2}"
EndProject
Global
	GlobalSection(SolutionConfigurationPlatforms) = preSolution
		Debug|Any CPU = Debug|Any CPU
		Release|Any CPU = Release|Any CPU
	EndGlobalSection
	GlobalSection(ProjectConfigurationPlatforms) = postSolution
		{490A25EE-C256-4E01-B0D4-9690FEC6AEAF}.Debug|Any CPU.ActiveCfg = Debug|Any CPU
		{490A25EE-C256-4E01-B0D4-9690FEC6AEAF}.Debug|Any CPU.Build.0 = Debug|Any CPU
		{490A25EE-C256-4E01-B0D4-9690FEC6AEAF}.Release|Any CPU.ActiveCfg = Release|Any CPU
		{490A25EE-C256-4E01-B0D4-9690FEC6AEAF}.Release|Any CPU.Build.0 = Release|Any CPU
		{611F1F62-4E3F-4A54-A93C-BE13ED367A5D}.Debug|Any CPU.ActiveCfg = Debug|Any CPU
		{611F1F62-4E3F-4A54-A93C-BE13ED367A5D}.Debug|Any CPU.Build.0 = Debug|Any CPU
		{611F1F62-4E3F-4A54-A93C-BE13ED367A5D}.Release|Any CPU.ActiveCfg = Release|Any CPU
		{611F1F62-4E3F-4A54-A93C-BE13ED367A5D}.Release|Any CPU.Build.0 = Release|Any CPU
		{C09D3202-DC4C-401F-AB7A-2E9E131D4FEE}.Debug|Any CPU.ActiveCfg = Debug|Any CPU
		{C09D3202-DC4C-401F-AB7A-2E9E131D4FEE}.Debug|Any CPU.Build.0 = Debug|Any CPU
		{C09D3202-DC4C-401F-AB7A-2E9E131D4FEE}.Release|Any CPU.ActiveCfg = Release|Any CPU
		{C09D3202-DC4C-401F-AB7A-2E9E131D4FEE}.Release|Any CPU.Build.0 = Release|Any CPU
		{5516FA63-10E9-481D-977D-7F3DE22B50B9}.Debug|Any CPU.ActiveCfg = Debug|Any CPU
		{5516FA63-10E9-481D-977D-7F3DE22B50B9}.Debug|Any CPU.Build.0 = Debug|Any CPU
		{5516FA63-10E9-481D-977D-7F3DE22B50B9}.Release|Any CPU.ActiveCfg = Release|Any CPU
		{5516FA63-10E9-481D-977D-7F3DE22B50B9}.Release|Any CPU.Build.0 = Release|Any CPU
		{9A69840F-E1C6-44A5-A5C9-30A5FEB641C2}.Debug|Any CPU.ActiveCfg = Debug|Any CPU
		{9A69840F-E1C6-44A5-A5C9-30A5FEB641C2}.Debug|Any CPU.Build.0 = Debug|Any CPU
		{9A69840F-E1C6-44A5-A5C9-30A5FEB641C2}.Release|Any CPU.ActiveCfg = Release|Any CPU
		{9A69840F-E1C6-44A5-A5C9-30A5FEB641C2}.Release|Any CPU.Build.0 = Release|Any CPU
		{D46551B7-B578-4C64-B7E4-B3F49EB463D3}.Debug|Any CPU.ActiveCfg = Debug|Any CPU
		{D46551B7-B578-4C64-B7E4-B3F49EB463D3}.Debug|Any CPU.Build.0 = Debug|Any CPU
		{D46551B7-B578-4C64-B7E4-B3F49EB463D3}.Release|Any CPU.ActiveCfg = Release|Any CPU
		{D46551B7-B578-4C64-B7E4-B3F49EB463D3}.Release|Any CPU.Build.0 = Release|Any CPU
		{73F5A219-CAC8-498A-BF96-467DFFD5F28C}.Debug|Any CPU.ActiveCfg = Debug|Any CPU
		{73F5A219-CAC8-498A-BF96-467DFFD5F28C}.Debug|Any CPU.Build.0 = Debug|Any CPU
		{73F5A219-CAC8-498A-BF96-467DFFD5F28C}.Release|Any CPU.ActiveCfg = Release|Any CPU
		{73F5A219-CAC8-498A-BF96-467DFFD5F28C}.Release|Any CPU.Build.0 = Release|Any CPU
		{3551950F-A89C-489D-BD20-DA783EEDE2D5}.Debug|Any CPU.ActiveCfg = Debug|Any CPU
		{3551950F-A89C-489D-BD20-DA783EEDE2D5}.Debug|Any CPU.Build.0 = Debug|Any CPU
		{3551950F-A89C-489D-BD20-DA783EEDE2D5}.Release|Any CPU.ActiveCfg = Release|Any CPU
		{3551950F-A89C-489D-BD20-DA783EEDE2D5}.Release|Any CPU.Build.0 = Release|Any CPU
		{585DC92D-E54C-4BC8-8741-83B51653C9C1}.Debug|Any CPU.ActiveCfg = Debug|Any CPU
		{585DC92D-E54C-4BC8-8741-83B51653C9C1}.Debug|Any CPU.Build.0 = Debug|Any CPU
		{585DC92D-E54C-4BC8-8741-83B51653C9C1}.Release|Any CPU.ActiveCfg = Release|Any CPU
		{585DC92D-E54C-4BC8-8741-83B51653C9C1}.Release|Any CPU.Build.0 = Release|Any CPU
		{D9CA6151-08C4-4217-8269-0F0DD354B17E}.Debug|Any CPU.ActiveCfg = Debug|Any CPU
		{D9CA6151-08C4-4217-8269-0F0DD354B17E}.Debug|Any CPU.Build.0 = Debug|Any CPU
		{D9CA6151-08C4-4217-8269-0F0DD354B17E}.Release|Any CPU.ActiveCfg = Release|Any CPU
		{D9CA6151-08C4-4217-8269-0F0DD354B17E}.Release|Any CPU.Build.0 = Release|Any CPU
		{7DC03445-8564-4524-9835-E43B7BC8081A}.Debug|Any CPU.ActiveCfg = Debug|Any CPU
		{7DC03445-8564-4524-9835-E43B7BC8081A}.Debug|Any CPU.Build.0 = Debug|Any CPU
		{7DC03445-8564-4524-9835-E43B7BC8081A}.Release|Any CPU.ActiveCfg = Release|Any CPU
		{7DC03445-8564-4524-9835-E43B7BC8081A}.Release|Any CPU.Build.0 = Release|Any CPU
		{2EE15168-7C02-45DD-988D-925D1877FBAA}.Debug|Any CPU.ActiveCfg = Debug|Any CPU
		{2EE15168-7C02-45DD-988D-925D1877FBAA}.Debug|Any CPU.Build.0 = Debug|Any CPU
		{2EE15168-7C02-45DD-988D-925D1877FBAA}.Release|Any CPU.ActiveCfg = Release|Any CPU
		{2EE15168-7C02-45DD-988D-925D1877FBAA}.Release|Any CPU.Build.0 = Release|Any CPU
		{D89C49EC-7DF9-427F-A52A-F85AF3C60411}.Debug|Any CPU.ActiveCfg = Debug|Any CPU
		{D89C49EC-7DF9-427F-A52A-F85AF3C60411}.Debug|Any CPU.Build.0 = Debug|Any CPU
		{D89C49EC-7DF9-427F-A52A-F85AF3C60411}.Release|Any CPU.ActiveCfg = Release|Any CPU
		{D89C49EC-7DF9-427F-A52A-F85AF3C60411}.Release|Any CPU.Build.0 = Release|Any CPU
		{FBEB922E-8A9E-4975-A14A-D9D105554FB5}.Debug|Any CPU.ActiveCfg = Debug|Any CPU
		{FBEB922E-8A9E-4975-A14A-D9D105554FB5}.Debug|Any CPU.Build.0 = Debug|Any CPU
		{FBEB922E-8A9E-4975-A14A-D9D105554FB5}.Release|Any CPU.ActiveCfg = Release|Any CPU
		{FBEB922E-8A9E-4975-A14A-D9D105554FB5}.Release|Any CPU.Build.0 = Release|Any CPU
		{5A214FD8-E139-48C5-8612-168B02D8A23A}.Debug|Any CPU.ActiveCfg = Debug|Any CPU
		{5A214FD8-E139-48C5-8612-168B02D8A23A}.Debug|Any CPU.Build.0 = Debug|Any CPU
		{5A214FD8-E139-48C5-8612-168B02D8A23A}.Release|Any CPU.ActiveCfg = Release|Any CPU
		{5A214FD8-E139-48C5-8612-168B02D8A23A}.Release|Any CPU.Build.0 = Release|Any CPU
		{B319A960-3953-45D5-81C3-ACE5B50145CF}.Debug|Any CPU.ActiveCfg = Debug|Any CPU
		{B319A960-3953-45D5-81C3-ACE5B50145CF}.Debug|Any CPU.Build.0 = Debug|Any CPU
		{B319A960-3953-45D5-81C3-ACE5B50145CF}.Release|Any CPU.ActiveCfg = Release|Any CPU
		{B319A960-3953-45D5-81C3-ACE5B50145CF}.Release|Any CPU.Build.0 = Release|Any CPU
		{2649D7A1-61F6-415B-A24F-45E6280FCCC4}.Debug|Any CPU.ActiveCfg = Debug|Any CPU
		{2649D7A1-61F6-415B-A24F-45E6280FCCC4}.Debug|Any CPU.Build.0 = Debug|Any CPU
		{2649D7A1-61F6-415B-A24F-45E6280FCCC4}.Release|Any CPU.ActiveCfg = Release|Any CPU
		{2649D7A1-61F6-415B-A24F-45E6280FCCC4}.Release|Any CPU.Build.0 = Release|Any CPU
		{89B11467-9638-438B-9EBC-6A133847395D}.Debug|Any CPU.ActiveCfg = Debug|Any CPU
		{89B11467-9638-438B-9EBC-6A133847395D}.Debug|Any CPU.Build.0 = Debug|Any CPU
		{89B11467-9638-438B-9EBC-6A133847395D}.Release|Any CPU.ActiveCfg = Release|Any CPU
		{89B11467-9638-438B-9EBC-6A133847395D}.Release|Any CPU.Build.0 = Release|Any CPU
		{DF4F3354-5ADE-4E05-8F00-F869DD3F079D}.Debug|Any CPU.ActiveCfg = Debug|Any CPU
		{DF4F3354-5ADE-4E05-8F00-F869DD3F079D}.Debug|Any CPU.Build.0 = Debug|Any CPU
		{DF4F3354-5ADE-4E05-8F00-F869DD3F079D}.Release|Any CPU.ActiveCfg = Release|Any CPU
		{DF4F3354-5ADE-4E05-8F00-F869DD3F079D}.Release|Any CPU.Build.0 = Release|Any CPU
		{73661CA4-40CA-4988-831C-FF9E97E59B3C}.Debug|Any CPU.ActiveCfg = Debug|Any CPU
		{73661CA4-40CA-4988-831C-FF9E97E59B3C}.Debug|Any CPU.Build.0 = Debug|Any CPU
		{73661CA4-40CA-4988-831C-FF9E97E59B3C}.Release|Any CPU.ActiveCfg = Release|Any CPU
		{73661CA4-40CA-4988-831C-FF9E97E59B3C}.Release|Any CPU.Build.0 = Release|Any CPU
		{1AD271D6-DB92-4854-AD64-3DE47F5AD7EA}.Debug|Any CPU.ActiveCfg = Debug|Any CPU
		{1AD271D6-DB92-4854-AD64-3DE47F5AD7EA}.Debug|Any CPU.Build.0 = Debug|Any CPU
		{1AD271D6-DB92-4854-AD64-3DE47F5AD7EA}.Release|Any CPU.ActiveCfg = Release|Any CPU
		{1AD271D6-DB92-4854-AD64-3DE47F5AD7EA}.Release|Any CPU.Build.0 = Release|Any CPU
		{C69ACDAB-B89E-4875-A333-9FE42FD0FFF6}.Debug|Any CPU.ActiveCfg = Debug|Any CPU
		{C69ACDAB-B89E-4875-A333-9FE42FD0FFF6}.Debug|Any CPU.Build.0 = Debug|Any CPU
		{C69ACDAB-B89E-4875-A333-9FE42FD0FFF6}.Release|Any CPU.ActiveCfg = Release|Any CPU
		{C69ACDAB-B89E-4875-A333-9FE42FD0FFF6}.Release|Any CPU.Build.0 = Release|Any CPU
		{F3FAE66C-D22A-47C8-8B7E-48217B5A45D9}.Debug|Any CPU.ActiveCfg = Debug|Any CPU
		{F3FAE66C-D22A-47C8-8B7E-48217B5A45D9}.Debug|Any CPU.Build.0 = Debug|Any CPU
		{F3FAE66C-D22A-47C8-8B7E-48217B5A45D9}.Release|Any CPU.ActiveCfg = Release|Any CPU
		{F3FAE66C-D22A-47C8-8B7E-48217B5A45D9}.Release|Any CPU.Build.0 = Release|Any CPU
		{5439CF9A-0BA7-4F0D-94E8-8F360E5371E2}.Debug|Any CPU.ActiveCfg = Debug|Any CPU
		{5439CF9A-0BA7-4F0D-94E8-8F360E5371E2}.Debug|Any CPU.Build.0 = Debug|Any CPU
		{5439CF9A-0BA7-4F0D-94E8-8F360E5371E2}.Release|Any CPU.ActiveCfg = Release|Any CPU
		{5439CF9A-0BA7-4F0D-94E8-8F360E5371E2}.Release|Any CPU.Build.0 = Release|Any CPU
	EndGlobalSection
	GlobalSection(SolutionProperties) = preSolution
		HideSolutionNode = FALSE
	EndGlobalSection
	GlobalSection(ExtensibilityGlobals) = postSolution
		SolutionGuid = {53BEB049-4175-4374-9E4D-96ECE7ECCF35}
	EndGlobalSection
EndGlobal
