
Microsoft Visual Studio Solution File, Format Version 12.00
# Visual Studio Version 17
VisualStudioVersion = 17.1.32210.238
MinimumVisualStudioVersion = 10.0.40219.1
Project("{9A19103F-16F7-4668-BE54-9A1E7A4F7556}") = "Tema 1 Demo", "Tema 1 Demo\Tema 1 Demo.csproj", "{490A25EE-C256-4E01-B0D4-9690FEC6AEAF}"
EndProject
Project("{9A19103F-16F7-4668-BE54-9A1E7A4F7556}") = "dotnet6", "dotnet6\dotnet6.csproj", "{611F1F62-4E3F-4A54-A93C-BE13ED367A5D}"
EndProject
Project("{9A19103F-16F7-4668-BE54-9A1E7A4F7556}") = "DataTypesAndObjectsCreation", "DataTypesAndObjectsCreation\DataTypesAndObjectsCreation.csproj", "{C09D3202-DC4C-401F-AB7A-2E9E131D4FEE}"
EndProject
Project("{9A19103F-16F7-4668-BE54-9A1E7A4F7556}") = "Uprajnenie s Poleta i svoistva", "Uprajnenie s Poleta i svoistva\Uprajnenie s Poleta i svoistva.csproj", "{5516FA63-10E9-481D-977D-7F3DE22B50B9}"
EndProject
Project("{9A19103F-16F7-4668-BE54-9A1E7A4F7556}") = "Probvame.Net6", "Probvame.Net6\Probvame.Net6.csproj", "{9A69840F-E1C6-44A5-A5C9-30A5FEB641C2}"
EndProject
Project("{9A19103F-16F7-4668-BE54-9A1E7A4F7556}") = "MethodsExamples", "MethodsExamples\MethodsExamples.csproj", "{D46551B7-B578-4C64-B7E4-B3F49EB463D3}"
EndProject
Project("{9A19103F-16F7-4668-BE54-9A1E7A4F7556}") = "Enumerations", "Enumerations\Enumerations.csproj", "{73F5A219-CAC8-498A-BF96-467DFFD5F28C}"
EndProject
Project("{9A19103F-16F7-4668-BE54-9A1E7A4F7556}") = "Avtomontior", "Avtomontior\Avtomontior.csproj", "{3551950F-A89C-489D-BD20-DA783EEDE2D5}"
EndProject
<<<<<<< HEAD
Project("{9A19103F-16F7-4668-BE54-9A1E7A4F7556}") = "Inheritance", "Inheritance\Inheritance.csproj", "{585DC92D-E54C-4BC8-8741-83B51653C9C1}"
EndProject
Project("{9A19103F-16F7-4668-BE54-9A1E7A4F7556}") = "InheritanceVirtualDEMO", "InheritanceVirtualDEMO\InheritanceVirtualDEMO.csproj", "{D9CA6151-08C4-4217-8269-0F0DD354B17E}"
EndProject
Project("{9A19103F-16F7-4668-BE54-9A1E7A4F7556}") = "ModifiedCollections", "ModifiedCollections\ModifiedCollections.csproj", "{7DC03445-8564-4524-9835-E43B7BC8081A}"
EndProject
Project("{FAE04EC0-301F-11D3-BF4B-00C04F79EFBC}") = "Superposition_Inheritance_Difference", "Superposition_Inheritance_Difference\Superposition_Inheritance_Difference.csproj", "{2EE15168-7C02-45DD-988D-925D1877FBAA}"
EndProject
Project("{FAE04EC0-301F-11D3-BF4B-00C04F79EFBC}") = "Error_Handling", "Error_Handling\Error_Handling.csproj", "{D89C49EC-7DF9-427F-A52A-F85AF3C60411}"
=======
Project("{FAE04EC0-301F-11D3-BF4B-00C04F79EFBC}") = "Inheritance", "Inheritance\Inheritance.csproj", "{585DC92D-E54C-4BC8-8741-83B51653C9C1}"
>>>>>>> parent of 868893e (add)
EndProject
Global
	GlobalSection(SolutionConfigurationPlatforms) = preSolution
		Debug|Any CPU = Debug|Any CPU
		Release|Any CPU = Release|Any CPU
	EndGlobalSection
	GlobalSection(ProjectConfigurationPlatforms) = postSolution
		{490A25EE-C256-4E01-B0D4-9690FEC6AEAF}.Debug|Any CPU.ActiveCfg = Debug|Any CPU
		{490A25EE-C256-4E01-B0D4-9690FEC6AEAF}.Debug|Any CPU.Build.0 = Debug|Any CPU
		{490A25EE-C256-4E01-B0D4-9690FEC6AEAF}.Release|Any CPU.ActiveCfg = Release|Any CPU
		{490A25EE-C256-4E01-B0D4-9690FEC6AEAF}.Release|Any CPU.Build.0 = Release|Any CPU
		{611F1F62-4E3F-4A54-A93C-BE13ED367A5D}.Debug|Any CPU.ActiveCfg = Debug|Any CPU
		{611F1F62-4E3F-4A54-A93C-BE13ED367A5D}.Debug|Any CPU.Build.0 = Debug|Any CPU
		{611F1F62-4E3F-4A54-A93C-BE13ED367A5D}.Release|Any CPU.ActiveCfg = Release|Any CPU
		{611F1F62-4E3F-4A54-A93C-BE13ED367A5D}.Release|Any CPU.Build.0 = Release|Any CPU
		{C09D3202-DC4C-401F-AB7A-2E9E131D4FEE}.Debug|Any CPU.ActiveCfg = Debug|Any CPU
		{C09D3202-DC4C-401F-AB7A-2E9E131D4FEE}.Debug|Any CPU.Build.0 = Debug|Any CPU
		{C09D3202-DC4C-401F-AB7A-2E9E131D4FEE}.Release|Any CPU.ActiveCfg = Release|Any CPU
		{C09D3202-DC4C-401F-AB7A-2E9E131D4FEE}.Release|Any CPU.Build.0 = Release|Any CPU
		{5516FA63-10E9-481D-977D-7F3DE22B50B9}.Debug|Any CPU.ActiveCfg = Debug|Any CPU
		{5516FA63-10E9-481D-977D-7F3DE22B50B9}.Debug|Any CPU.Build.0 = Debug|Any CPU
		{5516FA63-10E9-481D-977D-7F3DE22B50B9}.Release|Any CPU.ActiveCfg = Release|Any CPU
		{5516FA63-10E9-481D-977D-7F3DE22B50B9}.Release|Any CPU.Build.0 = Release|Any CPU
		{9A69840F-E1C6-44A5-A5C9-30A5FEB641C2}.Debug|Any CPU.ActiveCfg = Debug|Any CPU
		{9A69840F-E1C6-44A5-A5C9-30A5FEB641C2}.Debug|Any CPU.Build.0 = Debug|Any CPU
		{9A69840F-E1C6-44A5-A5C9-30A5FEB641C2}.Release|Any CPU.ActiveCfg = Release|Any CPU
		{9A69840F-E1C6-44A5-A5C9-30A5FEB641C2}.Release|Any CPU.Build.0 = Release|Any CPU
		{D46551B7-B578-4C64-B7E4-B3F49EB463D3}.Debug|Any CPU.ActiveCfg = Debug|Any CPU
		{D46551B7-B578-4C64-B7E4-B3F49EB463D3}.Debug|Any CPU.Build.0 = Debug|Any CPU
		{D46551B7-B578-4C64-B7E4-B3F49EB463D3}.Release|Any CPU.ActiveCfg = Release|Any CPU
		{D46551B7-B578-4C64-B7E4-B3F49EB463D3}.Release|Any CPU.Build.0 = Release|Any CPU
		{73F5A219-CAC8-498A-BF96-467DFFD5F28C}.Debug|Any CPU.ActiveCfg = Debug|Any CPU
		{73F5A219-CAC8-498A-BF96-467DFFD5F28C}.Debug|Any CPU.Build.0 = Debug|Any CPU
		{73F5A219-CAC8-498A-BF96-467DFFD5F28C}.Release|Any CPU.ActiveCfg = Release|Any CPU
		{73F5A219-CAC8-498A-BF96-467DFFD5F28C}.Release|Any CPU.Build.0 = Release|Any CPU
		{3551950F-A89C-489D-BD20-DA783EEDE2D5}.Debug|Any CPU.ActiveCfg = Debug|Any CPU
		{3551950F-A89C-489D-BD20-DA783EEDE2D5}.Debug|Any CPU.Build.0 = Debug|Any CPU
		{3551950F-A89C-489D-BD20-DA783EEDE2D5}.Release|Any CPU.ActiveCfg = Release|Any CPU
		{3551950F-A89C-489D-BD20-DA783EEDE2D5}.Release|Any CPU.Build.0 = Release|Any CPU
		{585DC92D-E54C-4BC8-8741-83B51653C9C1}.Debug|Any CPU.ActiveCfg = Debug|Any CPU
		{585DC92D-E54C-4BC8-8741-83B51653C9C1}.Debug|Any CPU.Build.0 = Debug|Any CPU
		{585DC92D-E54C-4BC8-8741-83B51653C9C1}.Release|Any CPU.ActiveCfg = Release|Any CPU
		{585DC92D-E54C-4BC8-8741-83B51653C9C1}.Release|Any CPU.Build.0 = Release|Any CPU
<<<<<<< HEAD
		{D9CA6151-08C4-4217-8269-0F0DD354B17E}.Debug|Any CPU.ActiveCfg = Debug|Any CPU
		{D9CA6151-08C4-4217-8269-0F0DD354B17E}.Debug|Any CPU.Build.0 = Debug|Any CPU
		{D9CA6151-08C4-4217-8269-0F0DD354B17E}.Release|Any CPU.ActiveCfg = Release|Any CPU
		{D9CA6151-08C4-4217-8269-0F0DD354B17E}.Release|Any CPU.Build.0 = Release|Any CPU
		{7DC03445-8564-4524-9835-E43B7BC8081A}.Debug|Any CPU.ActiveCfg = Debug|Any CPU
		{7DC03445-8564-4524-9835-E43B7BC8081A}.Debug|Any CPU.Build.0 = Debug|Any CPU
		{7DC03445-8564-4524-9835-E43B7BC8081A}.Release|Any CPU.ActiveCfg = Release|Any CPU
		{7DC03445-8564-4524-9835-E43B7BC8081A}.Release|Any CPU.Build.0 = Release|Any CPU
		{2EE15168-7C02-45DD-988D-925D1877FBAA}.Debug|Any CPU.ActiveCfg = Debug|Any CPU
		{2EE15168-7C02-45DD-988D-925D1877FBAA}.Debug|Any CPU.Build.0 = Debug|Any CPU
		{2EE15168-7C02-45DD-988D-925D1877FBAA}.Release|Any CPU.ActiveCfg = Release|Any CPU
		{2EE15168-7C02-45DD-988D-925D1877FBAA}.Release|Any CPU.Build.0 = Release|Any CPU
		{D89C49EC-7DF9-427F-A52A-F85AF3C60411}.Debug|Any CPU.ActiveCfg = Debug|Any CPU
		{D89C49EC-7DF9-427F-A52A-F85AF3C60411}.Debug|Any CPU.Build.0 = Debug|Any CPU
		{D89C49EC-7DF9-427F-A52A-F85AF3C60411}.Release|Any CPU.ActiveCfg = Release|Any CPU
		{D89C49EC-7DF9-427F-A52A-F85AF3C60411}.Release|Any CPU.Build.0 = Release|Any CPU
=======
>>>>>>> parent of 868893e (add)
	EndGlobalSection
	GlobalSection(SolutionProperties) = preSolution
		HideSolutionNode = FALSE
	EndGlobalSection
	GlobalSection(ExtensibilityGlobals) = postSolution
		SolutionGuid = {53BEB049-4175-4374-9E4D-96ECE7ECCF35}
	EndGlobalSection
EndGlobal
