
Microsoft Visual Studio Solution File, Format Version 12.00
# Visual Studio Version 17
VisualStudioVersion = 17.4.33110.190
MinimumVisualStudioVersion = 10.0.40219.1
Project("{9A19103F-16F7-4668-BE54-9A1E7A4F7556}") = "MOP", "MOP.csproj", "{4F21B8EE-0E54-41CE-BDBB-FE3D0C785A2D}"
EndProject
Project("{FAE04EC0-301F-11D3-BF4B-00C04F79EFBC}") = "Convertors", "..\Convertors\Convertors.csproj", "{03EFD546-671B-47E7-9281-D4EF82B3B32B}"
EndProject
Global
	GlobalSection(SolutionConfigurationPlatforms) = preSolution
		Debug|Any CPU = Debug|Any CPU
		Release|Any CPU = Release|Any CPU
	EndGlobalSection
	GlobalSection(ProjectConfigurationPlatforms) = postSolution
		{4F21B8EE-0E54-41CE-BDBB-FE3D0C785A2D}.Debug|Any CPU.ActiveCfg = Debug|Any CPU
		{4F21B8EE-0E54-41CE-BDBB-FE3D0C785A2D}.Debug|Any CPU.Build.0 = Debug|Any CPU
		{4F21B8EE-0E54-41CE-BDBB-FE3D0C785A2D}.Release|Any CPU.ActiveCfg = Release|Any CPU
		{4F21B8EE-0E54-41CE-BDBB-FE3D0C785A2D}.Release|Any CPU.Build.0 = Release|Any CPU
		{03EFD546-671B-47E7-9281-D4EF82B3B32B}.Debug|Any CPU.ActiveCfg = Debug|Any CPU
		{03EFD546-671B-47E7-9281-D4EF82B3B32B}.Debug|Any CPU.Build.0 = Debug|Any CPU
		{03EFD546-671B-47E7-9281-D4EF82B3B32B}.Release|Any CPU.ActiveCfg = Release|Any CPU
		{03EFD546-671B-47E7-9281-D4EF82B3B32B}.Release|Any CPU.Build.0 = Release|Any CPU
	EndGlobalSection
	GlobalSection(SolutionProperties) = preSolution
		HideSolutionNode = FALSE
	EndGlobalSection
	GlobalSection(ExtensibilityGlobals) = postSolution
		SolutionGuid = {1719CE43-D200-4010-9C3A-B255BFD35E72}
	EndGlobalSection
EndGlobal
